
Microsoft Visual Studio Solution File, Format Version 12.00
# Visual Studio Version 17
VisualStudioVersion = 17.6.33801.468
MinimumVisualStudioVersion = 10.0.40219.1
Project("{FAE04EC0-301F-11D3-BF4B-00C04F79EFBC}") = "IdentitySonProje", "IdentitySonProje.csproj", "{8D937D2D-3E62-4B71-AF8D-866BD97DD966}"
EndProject
Global
	GlobalSection(SolutionConfigurationPlatforms) = preSolution
		Debug|Any CPU = Debug|Any CPU
		Release|Any CPU = Release|Any CPU
	EndGlobalSection
	GlobalSection(ProjectConfigurationPlatforms) = postSolution
		{8D937D2D-3E62-4B71-AF8D-866BD97DD966}.Debug|Any CPU.ActiveCfg = Debug|Any CPU
		{8D937D2D-3E62-4B71-AF8D-866BD97DD966}.Debug|Any CPU.Build.0 = Debug|Any CPU
		{8D937D2D-3E62-4B71-AF8D-866BD97DD966}.Release|Any CPU.ActiveCfg = Release|Any CPU
		{8D937D2D-3E62-4B71-AF8D-866BD97DD966}.Release|Any CPU.Build.0 = Release|Any CPU
	EndGlobalSection
	GlobalSection(SolutionProperties) = preSolution
		HideSolutionNode = FALSE
	EndGlobalSection
	GlobalSection(ExtensibilityGlobals) = postSolution
		SolutionGuid = {A18C8892-2E3B-4DA8-AC3F-0ABA1BFE1FB6}
	EndGlobalSection
EndGlobal
